
Microsoft Visual Studio Solution File, Format Version 12.00
# Visual Studio Version 17
VisualStudioVersion = 17.9.34607.119
MinimumVisualStudioVersion = 10.0.40219.1
Project("{FAE04EC0-301F-11D3-BF4B-00C04F79EFBC}") = "Tarea4", "Tarea4\Tarea4.csproj", "{3CAC2F00-4486-4491-9DD1-C7927525907C}"
EndProject
Global
	GlobalSection(SolutionConfigurationPlatforms) = preSolution
		Debug|Any CPU = Debug|Any CPU
		Release|Any CPU = Release|Any CPU
	EndGlobalSection
	GlobalSection(ProjectConfigurationPlatforms) = postSolution
		{3CAC2F00-4486-4491-9DD1-C7927525907C}.Debug|Any CPU.ActiveCfg = Debug|Any CPU
		{3CAC2F00-4486-4491-9DD1-C7927525907C}.Debug|Any CPU.Build.0 = Debug|Any CPU
		{3CAC2F00-4486-4491-9DD1-C7927525907C}.Release|Any CPU.ActiveCfg = Release|Any CPU
		{3CAC2F00-4486-4491-9DD1-C7927525907C}.Release|Any CPU.Build.0 = Release|Any CPU
	EndGlobalSection
	GlobalSection(SolutionProperties) = preSolution
		HideSolutionNode = FALSE
	EndGlobalSection
	GlobalSection(ExtensibilityGlobals) = postSolution
		SolutionGuid = {11033253-9B5B-456D-998F-9904C08CBEFF}
	EndGlobalSection
EndGlobal
